// !$*UTF8*$!
{
	archiveVersion = 1;
	classes = {
	};
	objectVersion = 51;
	objects = {

/* Begin PBXBuildFile section */
		39801DC7DC564BC56EEB33E4 /* Pods_Bizzy.framework in Frameworks */ = {isa = PBXBuildFile; fileRef = 76AFDE5FD3330741DDD42458 /* Pods_Bizzy.framework */; };
		BB08DB7A247864B8000838D0 /* MenuButton.swift in Sources */ = {isa = PBXBuildFile; fileRef = BB08DB79247864B8000838D0 /* MenuButton.swift */; };
		BB08DB7C24786C52000838D0 /* MapViewController.swift in Sources */ = {isa = PBXBuildFile; fileRef = BB08DB7B24786C52000838D0 /* MapViewController.swift */; };
		BB20986F2475C0DD00F3E9FD /* MotherOfAllViews.swift in Sources */ = {isa = PBXBuildFile; fileRef = BB20986E2475C0DD00F3E9FD /* MotherOfAllViews.swift */; };
		BB421E22247E9F3A001B2A3C /* WeNeedIt.swift in Sources */ = {isa = PBXBuildFile; fileRef = BB421E21247E9F3A001B2A3C /* WeNeedIt.swift */; };
		BB8638612478DF1000B7AE45 /* ProfileView.swift in Sources */ = {isa = PBXBuildFile; fileRef = BB8638502478DF1000B7AE45 /* ProfileView.swift */; };
		BB8638622478DF1000B7AE45 /* SignInView.swift in Sources */ = {isa = PBXBuildFile; fileRef = BB8638512478DF1000B7AE45 /* SignInView.swift */; };
		BB8638632478DF1000B7AE45 /* LaunchScreenView.swift in Sources */ = {isa = PBXBuildFile; fileRef = BB8638522478DF1000B7AE45 /* LaunchScreenView.swift */; };
		BB8638642478DF1000B7AE45 /* Profile.swift in Sources */ = {isa = PBXBuildFile; fileRef = BB8638542478DF1000B7AE45 /* Profile.swift */; };
		BB8638652478DF1000B7AE45 /* ActivityIndicator.swift in Sources */ = {isa = PBXBuildFile; fileRef = BB8638552478DF1000B7AE45 /* ActivityIndicator.swift */; };
		BB8638662478DF1000B7AE45 /* DocumentSerializable.swift in Sources */ = {isa = PBXBuildFile; fileRef = BB8638562478DF1000B7AE45 /* DocumentSerializable.swift */; };
		BB8638672478DF1000B7AE45 /* SparkKeys.swift in Sources */ = {isa = PBXBuildFile; fileRef = BB8638572478DF1000B7AE45 /* SparkKeys.swift */; };
		BB8638682478DF1000B7AE45 /* SignInWithAppleView.swift in Sources */ = {isa = PBXBuildFile; fileRef = BB8638582478DF1000B7AE45 /* SignInWithAppleView.swift */; };
		BB8638692478DF1000B7AE45 /* Typealiases.swift in Sources */ = {isa = PBXBuildFile; fileRef = BB8638592478DF1000B7AE45 /* Typealiases.swift */; };
		BB86386A2478DF1000B7AE45 /* ActivityIndicatorView.swift in Sources */ = {isa = PBXBuildFile; fileRef = BB86385A2478DF1000B7AE45 /* ActivityIndicatorView.swift */; };
		BB86386B2478DF1000B7AE45 /* Spark.swift in Sources */ = {isa = PBXBuildFile; fileRef = BB86385C2478DF1000B7AE45 /* Spark.swift */; };
		BB86386C2478DF1000B7AE45 /* SparkError.swift in Sources */ = {isa = PBXBuildFile; fileRef = BB86385D2478DF1000B7AE45 /* SparkError.swift */; };
		BB86386D2478DF1000B7AE45 /* SparkUI.swift in Sources */ = {isa = PBXBuildFile; fileRef = BB86385E2478DF1000B7AE45 /* SparkUI.swift */; };
		BB86386E2478DF1000B7AE45 /* SparkFirestore.swift in Sources */ = {isa = PBXBuildFile; fileRef = BB86385F2478DF1000B7AE45 /* SparkFirestore.swift */; };
		BB86386F2478DF1000B7AE45 /* SparkAuth.swift in Sources */ = {isa = PBXBuildFile; fileRef = BB8638602478DF1000B7AE45 /* SparkAuth.swift */; };
		BB8D2C89247D6E40007EA349 /* LocationManager.swift in Sources */ = {isa = PBXBuildFile; fileRef = BB8D2C88247D6E40007EA349 /* LocationManager.swift */; };
		BB8D2C8D247DC6B3007EA349 /* YelpAPI.swift in Sources */ = {isa = PBXBuildFile; fileRef = BB8D2C8C247DC6B3007EA349 /* YelpAPI.swift */; };
		BBF26D6C246F21E60088496C /* AppDelegate.swift in Sources */ = {isa = PBXBuildFile; fileRef = BBF26D6B246F21E60088496C /* AppDelegate.swift */; };
		BBF26D6E246F21E60088496C /* SceneDelegate.swift in Sources */ = {isa = PBXBuildFile; fileRef = BBF26D6D246F21E60088496C /* SceneDelegate.swift */; };
		BBF26D70246F21E60088496C /* OldView.swift in Sources */ = {isa = PBXBuildFile; fileRef = BBF26D6F246F21E60088496C /* OldView.swift */; };
		BBF26D72246F21E90088496C /* Assets.xcassets in Resources */ = {isa = PBXBuildFile; fileRef = BBF26D71246F21E90088496C /* Assets.xcassets */; };
		BBF26D75246F21E90088496C /* Preview Assets.xcassets in Resources */ = {isa = PBXBuildFile; fileRef = BBF26D74246F21E90088496C /* Preview Assets.xcassets */; };
		BBF26D78246F21E90088496C /* LaunchScreen.storyboard in Resources */ = {isa = PBXBuildFile; fileRef = BBF26D76246F21E90088496C /* LaunchScreen.storyboard */; };
		BBF26D80246FB46A0088496C /* HamburglerView.swift in Sources */ = {isa = PBXBuildFile; fileRef = BBF26D7F246FB46A0088496C /* HamburglerView.swift */; };
		BBF26D822470B8100088496C /* MenuView.swift in Sources */ = {isa = PBXBuildFile; fileRef = BBF26D812470B8100088496C /* MenuView.swift */; };
		BBF26D862473177C0088496C /* Account.swift in Sources */ = {isa = PBXBuildFile; fileRef = BBF26D852473177B0088496C /* Account.swift */; };
		BBF26D88247344AE0088496C /* MainView.swift in Sources */ = {isa = PBXBuildFile; fileRef = BBF26D87247344AE0088496C /* MainView.swift */; };
		BBF26D8A247345C50088496C /* MapView.swift in Sources */ = {isa = PBXBuildFile; fileRef = BBF26D89247345C50088496C /* MapView.swift */; };
		BBF26D8D24734E980088496C /* Coordinator.swift in Sources */ = {isa = PBXBuildFile; fileRef = BBF26D8C24734E980088496C /* Coordinator.swift */; };
		BBF26D9524741DA80088496C /* GoogleService-Info.plist in Resources */ = {isa = PBXBuildFile; fileRef = BBF26D9424741DA80088496C /* GoogleService-Info.plist */; };
		BBF26D97247428320088496C /* DatabaseManager.swift in Sources */ = {isa = PBXBuildFile; fileRef = BBF26D96247428320088496C /* DatabaseManager.swift */; };
		BBF26D9924743EB90088496C /* DatabaseKeys.swift in Sources */ = {isa = PBXBuildFile; fileRef = BBF26D9824743EB80088496C /* DatabaseKeys.swift */; };
/* End PBXBuildFile section */

/* Begin PBXFileReference section */
		560B2DF4E56306CBD951E3E5 /* Pods-Bizzy.release.xcconfig */ = {isa = PBXFileReference; includeInIndex = 1; lastKnownFileType = text.xcconfig; name = "Pods-Bizzy.release.xcconfig"; path = "Target Support Files/Pods-Bizzy/Pods-Bizzy.release.xcconfig"; sourceTree = "<group>"; };
		74E535A0F624A5F30C854C79 /* Pods-Bizzy.debug.xcconfig */ = {isa = PBXFileReference; includeInIndex = 1; lastKnownFileType = text.xcconfig; name = "Pods-Bizzy.debug.xcconfig"; path = "Target Support Files/Pods-Bizzy/Pods-Bizzy.debug.xcconfig"; sourceTree = "<group>"; };
		76AFDE5FD3330741DDD42458 /* Pods_Bizzy.framework */ = {isa = PBXFileReference; explicitFileType = wrapper.framework; includeInIndex = 0; path = Pods_Bizzy.framework; sourceTree = BUILT_PRODUCTS_DIR; };
		BB08DB79247864B8000838D0 /* MenuButton.swift */ = {isa = PBXFileReference; lastKnownFileType = sourcecode.swift; path = MenuButton.swift; sourceTree = "<group>"; };
		BB08DB7B24786C52000838D0 /* MapViewController.swift */ = {isa = PBXFileReference; lastKnownFileType = sourcecode.swift; path = MapViewController.swift; sourceTree = "<group>"; };
		BB20986E2475C0DD00F3E9FD /* MotherOfAllViews.swift */ = {isa = PBXFileReference; lastKnownFileType = sourcecode.swift; path = MotherOfAllViews.swift; sourceTree = "<group>"; };
		BB421E21247E9F3A001B2A3C /* WeNeedIt.swift */ = {isa = PBXFileReference; lastKnownFileType = sourcecode.swift; path = WeNeedIt.swift; sourceTree = "<group>"; };
		BB8638502478DF1000B7AE45 /* ProfileView.swift */ = {isa = PBXFileReference; fileEncoding = 4; lastKnownFileType = sourcecode.swift; path = ProfileView.swift; sourceTree = "<group>"; };
		BB8638512478DF1000B7AE45 /* SignInView.swift */ = {isa = PBXFileReference; fileEncoding = 4; lastKnownFileType = sourcecode.swift; path = SignInView.swift; sourceTree = "<group>"; };
		BB8638522478DF1000B7AE45 /* LaunchScreenView.swift */ = {isa = PBXFileReference; fileEncoding = 4; lastKnownFileType = sourcecode.swift; path = LaunchScreenView.swift; sourceTree = "<group>"; };
		BB8638542478DF1000B7AE45 /* Profile.swift */ = {isa = PBXFileReference; fileEncoding = 4; lastKnownFileType = sourcecode.swift; path = Profile.swift; sourceTree = "<group>"; };
		BB8638552478DF1000B7AE45 /* ActivityIndicator.swift */ = {isa = PBXFileReference; fileEncoding = 4; lastKnownFileType = sourcecode.swift; path = ActivityIndicator.swift; sourceTree = "<group>"; };
		BB8638562478DF1000B7AE45 /* DocumentSerializable.swift */ = {isa = PBXFileReference; fileEncoding = 4; lastKnownFileType = sourcecode.swift; path = DocumentSerializable.swift; sourceTree = "<group>"; };
		BB8638572478DF1000B7AE45 /* SparkKeys.swift */ = {isa = PBXFileReference; fileEncoding = 4; lastKnownFileType = sourcecode.swift; path = SparkKeys.swift; sourceTree = "<group>"; };
		BB8638582478DF1000B7AE45 /* SignInWithAppleView.swift */ = {isa = PBXFileReference; fileEncoding = 4; lastKnownFileType = sourcecode.swift; path = SignInWithAppleView.swift; sourceTree = "<group>"; };
		BB8638592478DF1000B7AE45 /* Typealiases.swift */ = {isa = PBXFileReference; fileEncoding = 4; lastKnownFileType = sourcecode.swift; path = Typealiases.swift; sourceTree = "<group>"; };
		BB86385A2478DF1000B7AE45 /* ActivityIndicatorView.swift */ = {isa = PBXFileReference; fileEncoding = 4; lastKnownFileType = sourcecode.swift; path = ActivityIndicatorView.swift; sourceTree = "<group>"; };
		BB86385C2478DF1000B7AE45 /* Spark.swift */ = {isa = PBXFileReference; fileEncoding = 4; lastKnownFileType = sourcecode.swift; path = Spark.swift; sourceTree = "<group>"; };
		BB86385D2478DF1000B7AE45 /* SparkError.swift */ = {isa = PBXFileReference; fileEncoding = 4; lastKnownFileType = sourcecode.swift; path = SparkError.swift; sourceTree = "<group>"; };
		BB86385E2478DF1000B7AE45 /* SparkUI.swift */ = {isa = PBXFileReference; fileEncoding = 4; lastKnownFileType = sourcecode.swift; path = SparkUI.swift; sourceTree = "<group>"; };
		BB86385F2478DF1000B7AE45 /* SparkFirestore.swift */ = {isa = PBXFileReference; fileEncoding = 4; lastKnownFileType = sourcecode.swift; path = SparkFirestore.swift; sourceTree = "<group>"; };
		BB8638602478DF1000B7AE45 /* SparkAuth.swift */ = {isa = PBXFileReference; fileEncoding = 4; lastKnownFileType = sourcecode.swift; path = SparkAuth.swift; sourceTree = "<group>"; };
		BB8D2C88247D6E40007EA349 /* LocationManager.swift */ = {isa = PBXFileReference; lastKnownFileType = sourcecode.swift; path = LocationManager.swift; sourceTree = "<group>"; };
		BB8D2C8C247DC6B3007EA349 /* YelpAPI.swift */ = {isa = PBXFileReference; lastKnownFileType = sourcecode.swift; path = YelpAPI.swift; sourceTree = "<group>"; };
		BBF26D68246F21E60088496C /* Bizzy.app */ = {isa = PBXFileReference; explicitFileType = wrapper.application; includeInIndex = 0; path = Bizzy.app; sourceTree = BUILT_PRODUCTS_DIR; };
		BBF26D6B246F21E60088496C /* AppDelegate.swift */ = {isa = PBXFileReference; lastKnownFileType = sourcecode.swift; path = AppDelegate.swift; sourceTree = "<group>"; };
		BBF26D6D246F21E60088496C /* SceneDelegate.swift */ = {isa = PBXFileReference; lastKnownFileType = sourcecode.swift; path = SceneDelegate.swift; sourceTree = "<group>"; };
		BBF26D6F246F21E60088496C /* OldView.swift */ = {isa = PBXFileReference; lastKnownFileType = sourcecode.swift; path = OldView.swift; sourceTree = "<group>"; };
		BBF26D71246F21E90088496C /* Assets.xcassets */ = {isa = PBXFileReference; lastKnownFileType = folder.assetcatalog; path = Assets.xcassets; sourceTree = "<group>"; };
		BBF26D74246F21E90088496C /* Preview Assets.xcassets */ = {isa = PBXFileReference; lastKnownFileType = folder.assetcatalog; path = "Preview Assets.xcassets"; sourceTree = "<group>"; };
		BBF26D77246F21E90088496C /* Base */ = {isa = PBXFileReference; lastKnownFileType = file.storyboard; name = Base; path = Base.lproj/LaunchScreen.storyboard; sourceTree = "<group>"; };
		BBF26D79246F21E90088496C /* Info.plist */ = {isa = PBXFileReference; lastKnownFileType = text.plist.xml; path = Info.plist; sourceTree = "<group>"; };
		BBF26D7F246FB46A0088496C /* HamburglerView.swift */ = {isa = PBXFileReference; lastKnownFileType = sourcecode.swift; path = HamburglerView.swift; sourceTree = "<group>"; };
		BBF26D812470B8100088496C /* MenuView.swift */ = {isa = PBXFileReference; lastKnownFileType = sourcecode.swift; path = MenuView.swift; sourceTree = "<group>"; };
		BBF26D852473177B0088496C /* Account.swift */ = {isa = PBXFileReference; lastKnownFileType = sourcecode.swift; path = Account.swift; sourceTree = "<group>"; };
		BBF26D87247344AE0088496C /* MainView.swift */ = {isa = PBXFileReference; lastKnownFileType = sourcecode.swift; path = MainView.swift; sourceTree = "<group>"; };
		BBF26D89247345C50088496C /* MapView.swift */ = {isa = PBXFileReference; lastKnownFileType = sourcecode.swift; path = MapView.swift; sourceTree = "<group>"; };
		BBF26D8C24734E980088496C /* Coordinator.swift */ = {isa = PBXFileReference; lastKnownFileType = sourcecode.swift; path = Coordinator.swift; sourceTree = "<group>"; };
		BBF26D9424741DA80088496C /* GoogleService-Info.plist */ = {isa = PBXFileReference; fileEncoding = 4; lastKnownFileType = text.plist.xml; path = "GoogleService-Info.plist"; sourceTree = "<group>"; };
		BBF26D96247428320088496C /* DatabaseManager.swift */ = {isa = PBXFileReference; lastKnownFileType = sourcecode.swift; path = DatabaseManager.swift; sourceTree = "<group>"; };
		BBF26D9824743EB80088496C /* DatabaseKeys.swift */ = {isa = PBXFileReference; lastKnownFileType = sourcecode.swift; path = DatabaseKeys.swift; sourceTree = "<group>"; };
		BBF26D9A2474CC520088496C /* Bizzy.entitlements */ = {isa = PBXFileReference; lastKnownFileType = text.plist.entitlements; path = Bizzy.entitlements; sourceTree = "<group>"; };
/* End PBXFileReference section */

/* Begin PBXFrameworksBuildPhase section */
		BBF26D65246F21E60088496C /* Frameworks */ = {
			isa = PBXFrameworksBuildPhase;
			buildActionMask = 2147483647;
			files = (
				39801DC7DC564BC56EEB33E4 /* Pods_Bizzy.framework in Frameworks */,
			);
			runOnlyForDeploymentPostprocessing = 0;
		};
/* End PBXFrameworksBuildPhase section */

/* Begin PBXGroup section */
		0D0843E374EBB3B39367D600 /* Frameworks */ = {
			isa = PBXGroup;
			children = (
				76AFDE5FD3330741DDD42458 /* Pods_Bizzy.framework */,
			);
			name = Frameworks;
			sourceTree = "<group>";
		};
		49EFEE8BDA6E76D1494C3614 /* Pods */ = {
			isa = PBXGroup;
			children = (
				74E535A0F624A5F30C854C79 /* Pods-Bizzy.debug.xcconfig */,
				560B2DF4E56306CBD951E3E5 /* Pods-Bizzy.release.xcconfig */,
			);
			path = Pods;
			sourceTree = "<group>";
		};
		BB86384F2478DF1000B7AE45 /* Views */ = {
			isa = PBXGroup;
			children = (
				BB20986E2475C0DD00F3E9FD /* MotherOfAllViews.swift */,
				BBF26D87247344AE0088496C /* MainView.swift */,
				BBF26D812470B8100088496C /* MenuView.swift */,
				BB08DB7B24786C52000838D0 /* MapViewController.swift */,
				BB8638502478DF1000B7AE45 /* ProfileView.swift */,
				BB8638512478DF1000B7AE45 /* SignInView.swift */,
				BB8638522478DF1000B7AE45 /* LaunchScreenView.swift */,
				BB421E21247E9F3A001B2A3C /* WeNeedIt.swift */,
			);
			path = Views;
			sourceTree = "<group>";
		};
		BB8638532478DF1000B7AE45 /* Helpers */ = {
			isa = PBXGroup;
			children = (
				BB8638542478DF1000B7AE45 /* Profile.swift */,
				BB8638552478DF1000B7AE45 /* ActivityIndicator.swift */,
				BB8638562478DF1000B7AE45 /* DocumentSerializable.swift */,
				BB8638572478DF1000B7AE45 /* SparkKeys.swift */,
				BB8638582478DF1000B7AE45 /* SignInWithAppleView.swift */,
				BB8638592478DF1000B7AE45 /* Typealiases.swift */,
				BB86385A2478DF1000B7AE45 /* ActivityIndicatorView.swift */,
			);
			path = Helpers;
			sourceTree = "<group>";
		};
		BB86385B2478DF1000B7AE45 /* Spark */ = {
			isa = PBXGroup;
			children = (
				BB86385C2478DF1000B7AE45 /* Spark.swift */,
				BB86385D2478DF1000B7AE45 /* SparkError.swift */,
				BB86385E2478DF1000B7AE45 /* SparkUI.swift */,
				BB86385F2478DF1000B7AE45 /* SparkFirestore.swift */,
				BB8638602478DF1000B7AE45 /* SparkAuth.swift */,
			);
			path = Spark;
			sourceTree = "<group>";
		};
		BBF26D5F246F21E60088496C = {
			isa = PBXGroup;
			children = (
				BBF26D6A246F21E60088496C /* Bizzy */,
				BBF26D69246F21E60088496C /* Products */,
				BBF26D6F246F21E60088496C /* OldView.swift */,
				BBF26D7F246FB46A0088496C /* HamburglerView.swift */,
				49EFEE8BDA6E76D1494C3614 /* Pods */,
				0D0843E374EBB3B39367D600 /* Frameworks */,
			);
			sourceTree = "<group>";
		};
		BBF26D69246F21E60088496C /* Products */ = {
			isa = PBXGroup;
			children = (
				BBF26D68246F21E60088496C /* Bizzy.app */,
			);
			name = Products;
			sourceTree = "<group>";
		};
		BBF26D6A246F21E60088496C /* Bizzy */ = {
			isa = PBXGroup;
			children = (
				BB8638532478DF1000B7AE45 /* Helpers */,
				BB86385B2478DF1000B7AE45 /* Spark */,
				BB86384F2478DF1000B7AE45 /* Views */,
				BBF26D9A2474CC520088496C /* Bizzy.entitlements */,
				BB8D2C8C247DC6B3007EA349 /* YelpAPI.swift */,
				BBF26D6B246F21E60088496C /* AppDelegate.swift */,
				BBF26D6D246F21E60088496C /* SceneDelegate.swift */,
				BBF26D852473177B0088496C /* Account.swift */,
				BB08DB79247864B8000838D0 /* MenuButton.swift */,
				BBF26D8B24734E7C0088496C /* Coordinators */,
				BBF26D89247345C50088496C /* MapView.swift */,
				BBF26D9824743EB80088496C /* DatabaseKeys.swift */,
				BB8D2C88247D6E40007EA349 /* LocationManager.swift */,
				BBF26D96247428320088496C /* DatabaseManager.swift */,
				BBF26D79246F21E90088496C /* Info.plist */,
				BBF26D71246F21E90088496C /* Assets.xcassets */,
				BBF26D76246F21E90088496C /* LaunchScreen.storyboard */,
				BBF26D9424741DA80088496C /* GoogleService-Info.plist */,
				BBF26D73246F21E90088496C /* Preview Content */,
			);
			path = Bizzy;
			sourceTree = "<group>";
		};
		BBF26D73246F21E90088496C /* Preview Content */ = {
			isa = PBXGroup;
			children = (
				BBF26D74246F21E90088496C /* Preview Assets.xcassets */,
			);
			path = "Preview Content";
			sourceTree = "<group>";
		};
		BBF26D8B24734E7C0088496C /* Coordinators */ = {
			isa = PBXGroup;
			children = (
				BBF26D8C24734E980088496C /* Coordinator.swift */,
			);
			path = Coordinators;
			sourceTree = "<group>";
		};
/* End PBXGroup section */

/* Begin PBXNativeTarget section */
		BBF26D67246F21E60088496C /* Bizzy */ = {
			isa = PBXNativeTarget;
			buildConfigurationList = BBF26D7C246F21E90088496C /* Build configuration list for PBXNativeTarget "Bizzy" */;
			buildPhases = (
				41C60B8A529292443ED2324E /* [CP] Check Pods Manifest.lock */,
				BBF26D64246F21E60088496C /* Sources */,
				BBF26D65246F21E60088496C /* Frameworks */,
				BBF26D66246F21E60088496C /* Resources */,
				B688B15663B72536BA28341F /* [CP] Embed Pods Frameworks */,
				3E99548F78EAE171A538941A /* [CP] Copy Pods Resources */,
			);
			buildRules = (
			);
			dependencies = (
			);
			name = Bizzy;
			productName = Bizzy;
			productReference = BBF26D68246F21E60088496C /* Bizzy.app */;
			productType = "com.apple.product-type.application";
		};
/* End PBXNativeTarget section */

/* Begin PBXProject section */
		BBF26D60246F21E60088496C /* Project object */ = {
			isa = PBXProject;
			attributes = {
				LastSwiftUpdateCheck = 1140;
				LastUpgradeCheck = 1140;
				ORGANIZATIONNAME = "Bizzy Inc.";
				TargetAttributes = {
					BBF26D67246F21E60088496C = {
						CreatedOnToolsVersion = 11.4.1;
					};
				};
			};
			buildConfigurationList = BBF26D63246F21E60088496C /* Build configuration list for PBXProject "Bizzy" */;
			compatibilityVersion = "Xcode 9.3";
			developmentRegion = en;
			hasScannedForEncodings = 0;
			knownRegions = (
				en,
				Base,
			);
			mainGroup = BBF26D5F246F21E60088496C;
			productRefGroup = BBF26D69246F21E60088496C /* Products */;
			projectDirPath = "";
			projectRoot = "";
			targets = (
				BBF26D67246F21E60088496C /* Bizzy */,
			);
		};
/* End PBXProject section */

/* Begin PBXResourcesBuildPhase section */
		BBF26D66246F21E60088496C /* Resources */ = {
			isa = PBXResourcesBuildPhase;
			buildActionMask = 2147483647;
			files = (
				BBF26D78246F21E90088496C /* LaunchScreen.storyboard in Resources */,
				BBF26D9524741DA80088496C /* GoogleService-Info.plist in Resources */,
				BBF26D75246F21E90088496C /* Preview Assets.xcassets in Resources */,
				BBF26D72246F21E90088496C /* Assets.xcassets in Resources */,
			);
			runOnlyForDeploymentPostprocessing = 0;
		};
/* End PBXResourcesBuildPhase section */

/* Begin PBXShellScriptBuildPhase section */
		3E99548F78EAE171A538941A /* [CP] Copy Pods Resources */ = {
			isa = PBXShellScriptBuildPhase;
			buildActionMask = 2147483647;
			files = (
			);
			inputFileListPaths = (
				"${PODS_ROOT}/Target Support Files/Pods-Bizzy/Pods-Bizzy-resources-${CONFIGURATION}-input-files.xcfilelist",
			);
			name = "[CP] Copy Pods Resources";
			outputFileListPaths = (
				"${PODS_ROOT}/Target Support Files/Pods-Bizzy/Pods-Bizzy-resources-${CONFIGURATION}-output-files.xcfilelist",
			);
			runOnlyForDeploymentPostprocessing = 0;
			shellPath = /bin/sh;
			shellScript = "\"${PODS_ROOT}/Target Support Files/Pods-Bizzy/Pods-Bizzy-resources.sh\"\n";
			showEnvVarsInLog = 0;
		};
		41C60B8A529292443ED2324E /* [CP] Check Pods Manifest.lock */ = {
			isa = PBXShellScriptBuildPhase;
			buildActionMask = 2147483647;
			files = (
			);
			inputFileListPaths = (
			);
			inputPaths = (
				"${PODS_PODFILE_DIR_PATH}/Podfile.lock",
				"${PODS_ROOT}/Manifest.lock",
			);
			name = "[CP] Check Pods Manifest.lock";
			outputFileListPaths = (
			);
			outputPaths = (
				"$(DERIVED_FILE_DIR)/Pods-Bizzy-checkManifestLockResult.txt",
			);
			runOnlyForDeploymentPostprocessing = 0;
			shellPath = /bin/sh;
			shellScript = "diff \"${PODS_PODFILE_DIR_PATH}/Podfile.lock\" \"${PODS_ROOT}/Manifest.lock\" > /dev/null\nif [ $? != 0 ] ; then\n    # print error to STDERR\n    echo \"error: The sandbox is not in sync with the Podfile.lock. Run 'pod install' or update your CocoaPods installation.\" >&2\n    exit 1\nfi\n# This output is used by Xcode 'outputs' to avoid re-running this script phase.\necho \"SUCCESS\" > \"${SCRIPT_OUTPUT_FILE_0}\"\n";
			showEnvVarsInLog = 0;
		};
		B688B15663B72536BA28341F /* [CP] Embed Pods Frameworks */ = {
			isa = PBXShellScriptBuildPhase;
			buildActionMask = 2147483647;
			files = (
			);
			inputFileListPaths = (
				"${PODS_ROOT}/Target Support Files/Pods-Bizzy/Pods-Bizzy-frameworks-${CONFIGURATION}-input-files.xcfilelist",
			);
			name = "[CP] Embed Pods Frameworks";
			outputFileListPaths = (
				"${PODS_ROOT}/Target Support Files/Pods-Bizzy/Pods-Bizzy-frameworks-${CONFIGURATION}-output-files.xcfilelist",
			);
			runOnlyForDeploymentPostprocessing = 0;
			shellPath = /bin/sh;
			shellScript = "\"${PODS_ROOT}/Target Support Files/Pods-Bizzy/Pods-Bizzy-frameworks.sh\"\n";
			showEnvVarsInLog = 0;
		};
/* End PBXShellScriptBuildPhase section */

/* Begin PBXSourcesBuildPhase section */
		BBF26D64246F21E60088496C /* Sources */ = {
			isa = PBXSourcesBuildPhase;
			buildActionMask = 2147483647;
			files = (
				BB8638662478DF1000B7AE45 /* DocumentSerializable.swift in Sources */,
				BBF26D97247428320088496C /* DatabaseManager.swift in Sources */,
				BB8D2C89247D6E40007EA349 /* LocationManager.swift in Sources */,
				BB8638672478DF1000B7AE45 /* SparkKeys.swift in Sources */,
				BB08DB7A247864B8000838D0 /* MenuButton.swift in Sources */,
				BBF26D8D24734E980088496C /* Coordinator.swift in Sources */,
				BBF26D6C246F21E60088496C /* AppDelegate.swift in Sources */,
				BBF26D8A247345C50088496C /* MapView.swift in Sources */,
				BB8638692478DF1000B7AE45 /* Typealiases.swift in Sources */,
				BB86386B2478DF1000B7AE45 /* Spark.swift in Sources */,
				BB8638622478DF1000B7AE45 /* SignInView.swift in Sources */,
				BB86386D2478DF1000B7AE45 /* SparkUI.swift in Sources */,
				BBF26D88247344AE0088496C /* MainView.swift in Sources */,
				BB20986F2475C0DD00F3E9FD /* MotherOfAllViews.swift in Sources */,
				BB8638612478DF1000B7AE45 /* ProfileView.swift in Sources */,
				BBF26D9924743EB90088496C /* DatabaseKeys.swift in Sources */,
				BBF26D6E246F21E60088496C /* SceneDelegate.swift in Sources */,
				BBF26D70246F21E60088496C /* OldView.swift in Sources */,
				BB86386A2478DF1000B7AE45 /* ActivityIndicatorView.swift in Sources */,
				BB8638682478DF1000B7AE45 /* SignInWithAppleView.swift in Sources */,
				BBF26D822470B8100088496C /* MenuView.swift in Sources */,
				BBF26D80246FB46A0088496C /* HamburglerView.swift in Sources */,
				BB08DB7C24786C52000838D0 /* MapViewController.swift in Sources */,
				BB8638652478DF1000B7AE45 /* ActivityIndicator.swift in Sources */,
				BB8638642478DF1000B7AE45 /* Profile.swift in Sources */,
				BB8D2C8D247DC6B3007EA349 /* YelpAPI.swift in Sources */,
				BB86386C2478DF1000B7AE45 /* SparkError.swift in Sources */,
				BB86386E2478DF1000B7AE45 /* SparkFirestore.swift in Sources */,
				BBF26D862473177C0088496C /* Account.swift in Sources */,
				BB8638632478DF1000B7AE45 /* LaunchScreenView.swift in Sources */,
				BB421E22247E9F3A001B2A3C /* WeNeedIt.swift in Sources */,
				BB86386F2478DF1000B7AE45 /* SparkAuth.swift in Sources */,
			);
			runOnlyForDeploymentPostprocessing = 0;
		};
/* End PBXSourcesBuildPhase section */

/* Begin PBXVariantGroup section */
		BBF26D76246F21E90088496C /* LaunchScreen.storyboard */ = {
			isa = PBXVariantGroup;
			children = (
				BBF26D77246F21E90088496C /* Base */,
			);
			name = LaunchScreen.storyboard;
			sourceTree = "<group>";
		};
/* End PBXVariantGroup section */

/* Begin XCBuildConfiguration section */
		BBF26D7A246F21E90088496C /* Debug */ = {
			isa = XCBuildConfiguration;
			buildSettings = {
				ALWAYS_SEARCH_USER_PATHS = NO;
				CLANG_ANALYZER_NONNULL = YES;
				CLANG_ANALYZER_NUMBER_OBJECT_CONVERSION = YES_AGGRESSIVE;
				CLANG_CXX_LANGUAGE_STANDARD = "gnu++14";
				CLANG_CXX_LIBRARY = "libc++";
				CLANG_ENABLE_MODULES = YES;
				CLANG_ENABLE_OBJC_ARC = YES;
				CLANG_ENABLE_OBJC_WEAK = YES;
				CLANG_WARN_BLOCK_CAPTURE_AUTORELEASING = YES;
				CLANG_WARN_BOOL_CONVERSION = YES;
				CLANG_WARN_COMMA = YES;
				CLANG_WARN_CONSTANT_CONVERSION = YES;
				CLANG_WARN_DEPRECATED_OBJC_IMPLEMENTATIONS = YES;
				CLANG_WARN_DIRECT_OBJC_ISA_USAGE = YES_ERROR;
				CLANG_WARN_DOCUMENTATION_COMMENTS = YES;
				CLANG_WARN_EMPTY_BODY = YES;
				CLANG_WARN_ENUM_CONVERSION = YES;
				CLANG_WARN_INFINITE_RECURSION = YES;
				CLANG_WARN_INT_CONVERSION = YES;
				CLANG_WARN_NON_LITERAL_NULL_CONVERSION = YES;
				CLANG_WARN_OBJC_IMPLICIT_RETAIN_SELF = YES;
				CLANG_WARN_OBJC_LITERAL_CONVERSION = YES;
				CLANG_WARN_OBJC_ROOT_CLASS = YES_ERROR;
				CLANG_WARN_RANGE_LOOP_ANALYSIS = YES;
				CLANG_WARN_STRICT_PROTOTYPES = YES;
				CLANG_WARN_SUSPICIOUS_MOVE = YES;
				CLANG_WARN_UNGUARDED_AVAILABILITY = YES_AGGRESSIVE;
				CLANG_WARN_UNREACHABLE_CODE = YES;
				CLANG_WARN__DUPLICATE_METHOD_MATCH = YES;
				COPY_PHASE_STRIP = NO;
				DEBUG_INFORMATION_FORMAT = dwarf;
				ENABLE_STRICT_OBJC_MSGSEND = YES;
				ENABLE_TESTABILITY = YES;
				GCC_C_LANGUAGE_STANDARD = gnu11;
				GCC_DYNAMIC_NO_PIC = NO;
				GCC_NO_COMMON_BLOCKS = YES;
				GCC_OPTIMIZATION_LEVEL = 0;
				GCC_PREPROCESSOR_DEFINITIONS = (
					"DEBUG=1",
					"$(inherited)",
				);
				GCC_WARN_64_TO_32_BIT_CONVERSION = YES;
				GCC_WARN_ABOUT_RETURN_TYPE = YES_ERROR;
				GCC_WARN_UNDECLARED_SELECTOR = YES;
				GCC_WARN_UNINITIALIZED_AUTOS = YES_AGGRESSIVE;
				GCC_WARN_UNUSED_FUNCTION = YES;
				GCC_WARN_UNUSED_VARIABLE = YES;
				IPHONEOS_DEPLOYMENT_TARGET = 13.4;
				MTL_ENABLE_DEBUG_INFO = INCLUDE_SOURCE;
				MTL_FAST_MATH = YES;
				ONLY_ACTIVE_ARCH = YES;
				SDKROOT = iphoneos;
				SWIFT_ACTIVE_COMPILATION_CONDITIONS = DEBUG;
				SWIFT_OPTIMIZATION_LEVEL = "-Onone";
			};
			name = Debug;
		};
		BBF26D7B246F21E90088496C /* Release */ = {
			isa = XCBuildConfiguration;
			buildSettings = {
				ALWAYS_SEARCH_USER_PATHS = NO;
				CLANG_ANALYZER_NONNULL = YES;
				CLANG_ANALYZER_NUMBER_OBJECT_CONVERSION = YES_AGGRESSIVE;
				CLANG_CXX_LANGUAGE_STANDARD = "gnu++14";
				CLANG_CXX_LIBRARY = "libc++";
				CLANG_ENABLE_MODULES = YES;
				CLANG_ENABLE_OBJC_ARC = YES;
				CLANG_ENABLE_OBJC_WEAK = YES;
				CLANG_WARN_BLOCK_CAPTURE_AUTORELEASING = YES;
				CLANG_WARN_BOOL_CONVERSION = YES;
				CLANG_WARN_COMMA = YES;
				CLANG_WARN_CONSTANT_CONVERSION = YES;
				CLANG_WARN_DEPRECATED_OBJC_IMPLEMENTATIONS = YES;
				CLANG_WARN_DIRECT_OBJC_ISA_USAGE = YES_ERROR;
				CLANG_WARN_DOCUMENTATION_COMMENTS = YES;
				CLANG_WARN_EMPTY_BODY = YES;
				CLANG_WARN_ENUM_CONVERSION = YES;
				CLANG_WARN_INFINITE_RECURSION = YES;
				CLANG_WARN_INT_CONVERSION = YES;
				CLANG_WARN_NON_LITERAL_NULL_CONVERSION = YES;
				CLANG_WARN_OBJC_IMPLICIT_RETAIN_SELF = YES;
				CLANG_WARN_OBJC_LITERAL_CONVERSION = YES;
				CLANG_WARN_OBJC_ROOT_CLASS = YES_ERROR;
				CLANG_WARN_RANGE_LOOP_ANALYSIS = YES;
				CLANG_WARN_STRICT_PROTOTYPES = YES;
				CLANG_WARN_SUSPICIOUS_MOVE = YES;
				CLANG_WARN_UNGUARDED_AVAILABILITY = YES_AGGRESSIVE;
				CLANG_WARN_UNREACHABLE_CODE = YES;
				CLANG_WARN__DUPLICATE_METHOD_MATCH = YES;
				COPY_PHASE_STRIP = NO;
				DEBUG_INFORMATION_FORMAT = "dwarf-with-dsym";
				ENABLE_NS_ASSERTIONS = NO;
				ENABLE_STRICT_OBJC_MSGSEND = YES;
				GCC_C_LANGUAGE_STANDARD = gnu11;
				GCC_NO_COMMON_BLOCKS = YES;
				GCC_WARN_64_TO_32_BIT_CONVERSION = YES;
				GCC_WARN_ABOUT_RETURN_TYPE = YES_ERROR;
				GCC_WARN_UNDECLARED_SELECTOR = YES;
				GCC_WARN_UNINITIALIZED_AUTOS = YES_AGGRESSIVE;
				GCC_WARN_UNUSED_FUNCTION = YES;
				GCC_WARN_UNUSED_VARIABLE = YES;
				IPHONEOS_DEPLOYMENT_TARGET = 13.4;
				MTL_ENABLE_DEBUG_INFO = NO;
				MTL_FAST_MATH = YES;
				SDKROOT = iphoneos;
				SWIFT_COMPILATION_MODE = wholemodule;
				SWIFT_OPTIMIZATION_LEVEL = "-O";
				VALIDATE_PRODUCT = YES;
			};
			name = Release;
		};
		BBF26D7D246F21E90088496C /* Debug */ = {
			isa = XCBuildConfiguration;
			baseConfigurationReference = 74E535A0F624A5F30C854C79 /* Pods-Bizzy.debug.xcconfig */;
			buildSettings = {
				ASSETCATALOG_COMPILER_APPICON_NAME = AppIcon;
				CODE_SIGN_ENTITLEMENTS = Bizzy/Bizzy.entitlements;
				CODE_SIGN_STYLE = Automatic;
				DEVELOPMENT_ASSET_PATHS = "\"Bizzy/Preview Content\"";
				DEVELOPMENT_TEAM = MPN3HZ648Y;
				ENABLE_PREVIEWS = YES;
				INFOPLIST_FILE = Bizzy/Info.plist;
				IPHONEOS_DEPLOYMENT_TARGET = 13.0;
				LD_RUNPATH_SEARCH_PATHS = (
					"$(inherited)",
					"@executable_path/Frameworks",
				);
				PRODUCT_BUNDLE_IDENTIFIER = com.trybizzy.bizzy;
				PRODUCT_NAME = "$(TARGET_NAME)";
				SWIFT_VERSION = 5.0;
				TARGETED_DEVICE_FAMILY = "1,2";
			};
			name = Debug;
		};
		BBF26D7E246F21E90088496C /* Release */ = {
			isa = XCBuildConfiguration;
			baseConfigurationReference = 560B2DF4E56306CBD951E3E5 /* Pods-Bizzy.release.xcconfig */;
			buildSettings = {
				ASSETCATALOG_COMPILER_APPICON_NAME = AppIcon;
				CODE_SIGN_ENTITLEMENTS = Bizzy/Bizzy.entitlements;
				CODE_SIGN_STYLE = Automatic;
				DEVELOPMENT_ASSET_PATHS = "\"Bizzy/Preview Content\"";
				DEVELOPMENT_TEAM = MPN3HZ648Y;
				ENABLE_PREVIEWS = YES;
				INFOPLIST_FILE = Bizzy/Info.plist;
				IPHONEOS_DEPLOYMENT_TARGET = 13.0;
				LD_RUNPATH_SEARCH_PATHS = (
					"$(inherited)",
					"@executable_path/Frameworks",
				);
				PRODUCT_BUNDLE_IDENTIFIER = com.trybizzy.bizzy;
				PRODUCT_NAME = "$(TARGET_NAME)";
				SWIFT_VERSION = 5.0;
				TARGETED_DEVICE_FAMILY = "1,2";
			};
			name = Release;
		};
/* End XCBuildConfiguration section */

/* Begin XCConfigurationList section */
		BBF26D63246F21E60088496C /* Build configuration list for PBXProject "Bizzy" */ = {
			isa = XCConfigurationList;
			buildConfigurations = (
				BBF26D7A246F21E90088496C /* Debug */,
				BBF26D7B246F21E90088496C /* Release */,
			);
			defaultConfigurationIsVisible = 0;
			defaultConfigurationName = Release;
		};
		BBF26D7C246F21E90088496C /* Build configuration list for PBXNativeTarget "Bizzy" */ = {
			isa = XCConfigurationList;
			buildConfigurations = (
				BBF26D7D246F21E90088496C /* Debug */,
				BBF26D7E246F21E90088496C /* Release */,
			);
			defaultConfigurationIsVisible = 0;
			defaultConfigurationName = Release;
		};
/* End XCConfigurationList section */
	};
	rootObject = BBF26D60246F21E60088496C /* Project object */;
}
